
Microsoft Visual Studio Solution File, Format Version 12.00
# Visual Studio 15
Project("{FAE04EC0-301F-11D3-BF4B-00C04F79EFBC}") = "Assembly-CSharp", "Assembly-CSharp.csproj", "{A66E118B-207A-A3E2-F520-48229D25B31B}"
EndProject
Project("{FAE04EC0-301F-11D3-BF4B-00C04F79EFBC}") = "Assembly-CSharp-firstpass", "Assembly-CSharp-firstpass.csproj", "{0E45870C-C7C7-F13B-BBE3-CA97F6685FEE}"
EndProject
Project("{FAE04EC0-301F-11D3-BF4B-00C04F79EFBC}") = "Assembly-CSharp-Editor", "Assembly-CSharp-Editor.csproj", "{D899417D-80A1-0779-FD43-8B3F409AA274}"
EndProject
Global
	GlobalSection(SolutionConfigurationPlatforms) = preSolution
		Debug|Any CPU = Debug|Any CPU
		Release|Any CPU = Release|Any CPU
	EndGlobalSection
	GlobalSection(ProjectConfigurationPlatforms) = postSolution
		{A66E118B-207A-A3E2-F520-48229D25B31B}.Debug|Any CPU.ActiveCfg = Debug|Any CPU
		{A66E118B-207A-A3E2-F520-48229D25B31B}.Debug|Any CPU.Build.0 = Debug|Any CPU
		{A66E118B-207A-A3E2-F520-48229D25B31B}.Release|Any CPU.ActiveCfg = Release|Any CPU
		{A66E118B-207A-A3E2-F520-48229D25B31B}.Release|Any CPU.Build.0 = Release|Any CPU
		{0E45870C-C7C7-F13B-BBE3-CA97F6685FEE}.Debug|Any CPU.ActiveCfg = Debug|Any CPU
		{0E45870C-C7C7-F13B-BBE3-CA97F6685FEE}.Debug|Any CPU.Build.0 = Debug|Any CPU
		{0E45870C-C7C7-F13B-BBE3-CA97F6685FEE}.Release|Any CPU.ActiveCfg = Release|Any CPU
		{0E45870C-C7C7-F13B-BBE3-CA97F6685FEE}.Release|Any CPU.Build.0 = Release|Any CPU
		{D899417D-80A1-0779-FD43-8B3F409AA274}.Debug|Any CPU.ActiveCfg = Debug|Any CPU
		{D899417D-80A1-0779-FD43-8B3F409AA274}.Debug|Any CPU.Build.0 = Debug|Any CPU
		{D899417D-80A1-0779-FD43-8B3F409AA274}.Release|Any CPU.ActiveCfg = Release|Any CPU
		{D899417D-80A1-0779-FD43-8B3F409AA274}.Release|Any CPU.Build.0 = Release|Any CPU
	EndGlobalSection
	GlobalSection(SolutionProperties) = preSolution
		HideSolutionNode = FALSE
	EndGlobalSection
EndGlobal
